
Microsoft Visual Studio Solution File, Format Version 12.00
# Visual Studio Version 17
VisualStudioVersion = 17.9.34622.214
MinimumVisualStudioVersion = 10.0.40219.1
Project("{FAE04EC0-301F-11D3-BF4B-00C04F79EFBC}") = "Khenza_Foster_Care", "Khenza_Foster_Care.csproj", "{C32CB58E-8A12-4BB3-8DBF-F9F7CE60C4E0}"
EndProject
Global
	GlobalSection(SolutionConfigurationPlatforms) = preSolution
		Debug|Any CPU = Debug|Any CPU
		Release|Any CPU = Release|Any CPU
	EndGlobalSection
	GlobalSection(ProjectConfigurationPlatforms) = postSolution
		{C32CB58E-8A12-4BB3-8DBF-F9F7CE60C4E0}.Debug|Any CPU.ActiveCfg = Debug|Any CPU
		{C32CB58E-8A12-4BB3-8DBF-F9F7CE60C4E0}.Debug|Any CPU.Build.0 = Debug|Any CPU
		{C32CB58E-8A12-4BB3-8DBF-F9F7CE60C4E0}.Release|Any CPU.ActiveCfg = Release|Any CPU
		{C32CB58E-8A12-4BB3-8DBF-F9F7CE60C4E0}.Release|Any CPU.Build.0 = Release|Any CPU
	EndGlobalSection
	GlobalSection(SolutionProperties) = preSolution
		HideSolutionNode = FALSE
	EndGlobalSection
	GlobalSection(ExtensibilityGlobals) = postSolution
		SolutionGuid = {C569D4B1-B34B-4D94-895A-D0AF568611A3}
	EndGlobalSection
EndGlobal
